Microsoft Visual Studio Solution File, Format Version 12.00
# Visual Studio Version 16
VisualStudioVersion = 16.0.0.0
MinimumVisualStudioVersion = 16.0.0.0
Project("{9A19103F-16F7-4668-BE54-9A1E7A4F7556}") = "ReactiveBlazor", "ReactiveBlazor\ReactiveBlazor.csproj", "{C2EFF278-C2B8-4F7E-AA0E-A933973C1BDF}"
EndProject
Project("{9A19103F-16F7-4668-BE54-9A1E7A4F7556}") = "ReactiveBlazor.Client", "ReactiveBlazor.Client\ReactiveBlazor.Client.csproj", "{C2EF2B84-E43C-41A4-8C74-85710CDA4D2A}"
EndProject
Project("{FAE04EC0-301F-11D3-BF4B-00C04F79EFBC}") = "ReactiveBlazor.ViewModels", "ReactiveBlazor.ViewModels\ReactiveBlazor.ViewModels.csproj", "{041F749F-E970-4E92-AC3E-B756BC07C5B0}"
EndProject
Project("{2150E333-8FDC-42A3-9474-1A3956D46DE8}") = "Solution Items", "Solution Items", "{AA02A28A-BF64-4425-9800-CE29AA28F046}"
	ProjectSection(SolutionItems) = preProject
		.editorconfig = .editorconfig
		.gitignore = .gitignore
		ReactiveBlazor.sln.DotSettings = ReactiveBlazor.sln.DotSettings
	EndProjectSection
EndProject
Global
	GlobalSection(SolutionConfigurationPlatforms) = preSolution
		Debug|Any CPU = Debug|Any CPU
		Debug|x64 = Debug|x64
		Debug|x86 = Debug|x86
		Release|Any CPU = Release|Any CPU
		Release|x64 = Release|x64
		Release|x86 = Release|x86
	EndGlobalSection
	GlobalSection(ProjectConfigurationPlatforms) = postSolution
		{C2EF2B84-E43C-41A4-8C74-85710CDA4D2A}.Debug|Any CPU.ActiveCfg = Debug|Any CPU
		{C2EF2B84-E43C-41A4-8C74-85710CDA4D2A}.Debug|Any CPU.Build.0 = Debug|Any CPU
		{C2EF2B84-E43C-41A4-8C74-85710CDA4D2A}.Debug|x64.ActiveCfg = Debug|Any CPU
		{C2EF2B84-E43C-41A4-8C74-85710CDA4D2A}.Debug|x64.Build.0 = Debug|Any CPU
		{C2EF2B84-E43C-41A4-8C74-85710CDA4D2A}.Debug|x86.ActiveCfg = Debug|Any CPU
		{C2EF2B84-E43C-41A4-8C74-85710CDA4D2A}.Debug|x86.Build.0 = Debug|Any CPU
		{C2EF2B84-E43C-41A4-8C74-85710CDA4D2A}.Release|Any CPU.ActiveCfg = Release|Any CPU
		{C2EF2B84-E43C-41A4-8C74-85710CDA4D2A}.Release|Any CPU.Build.0 = Release|Any CPU
		{C2EF2B84-E43C-41A4-8C74-85710CDA4D2A}.Release|x64.ActiveCfg = Release|Any CPU
		{C2EF2B84-E43C-41A4-8C74-85710CDA4D2A}.Release|x64.Build.0 = Release|Any CPU
		{C2EF2B84-E43C-41A4-8C74-85710CDA4D2A}.Release|x86.ActiveCfg = Release|Any CPU
		{C2EF2B84-E43C-41A4-8C74-85710CDA4D2A}.Release|x86.Build.0 = Release|Any CPU
		{C2EFF278-C2B8-4F7E-AA0E-A933973C1BDF}.Debug|Any CPU.ActiveCfg = Debug|Any CPU
		{C2EFF278-C2B8-4F7E-AA0E-A933973C1BDF}.Debug|Any CPU.Build.0 = Debug|Any CPU
		{C2EFF278-C2B8-4F7E-AA0E-A933973C1BDF}.Debug|x64.ActiveCfg = Debug|Any CPU
		{C2EFF278-C2B8-4F7E-AA0E-A933973C1BDF}.Debug|x64.Build.0 = Debug|Any CPU
		{C2EFF278-C2B8-4F7E-AA0E-A933973C1BDF}.Debug|x86.ActiveCfg = Debug|Any CPU
		{C2EFF278-C2B8-4F7E-AA0E-A933973C1BDF}.Debug|x86.Build.0 = Debug|Any CPU
		{C2EFF278-C2B8-4F7E-AA0E-A933973C1BDF}.Release|Any CPU.ActiveCfg = Release|Any CPU
		{C2EFF278-C2B8-4F7E-AA0E-A933973C1BDF}.Release|Any CPU.Build.0 = Release|Any CPU
		{C2EFF278-C2B8-4F7E-AA0E-A933973C1BDF}.Release|x64.ActiveCfg = Release|Any CPU
		{C2EFF278-C2B8-4F7E-AA0E-A933973C1BDF}.Release|x64.Build.0 = Release|Any CPU
		{C2EFF278-C2B8-4F7E-AA0E-A933973C1BDF}.Release|x86.ActiveCfg = Release|Any CPU
		{C2EFF278-C2B8-4F7E-AA0E-A933973C1BDF}.Release|x86.Build.0 = Release|Any CPU
		{041F749F-E970-4E92-AC3E-B756BC07C5B0}.Debug|Any CPU.ActiveCfg = Debug|Any CPU
		{041F749F-E970-4E92-AC3E-B756BC07C5B0}.Debug|Any CPU.Build.0 = Debug|Any CPU
		{041F749F-E970-4E92-AC3E-B756BC07C5B0}.Debug|x64.ActiveCfg = Debug|Any CPU
		{041F749F-E970-4E92-AC3E-B756BC07C5B0}.Debug|x64.Build.0 = Debug|Any CPU
		{041F749F-E970-4E92-AC3E-B756BC07C5B0}.Debug|x86.ActiveCfg = Debug|Any CPU
		{041F749F-E970-4E92-AC3E-B756BC07C5B0}.Debug|x86.Build.0 = Debug|Any CPU
		{041F749F-E970-4E92-AC3E-B756BC07C5B0}.Release|Any CPU.ActiveCfg = Release|Any CPU
		{041F749F-E970-4E92-AC3E-B756BC07C5B0}.Release|Any CPU.Build.0 = Release|Any CPU
		{041F749F-E970-4E92-AC3E-B756BC07C5B0}.Release|x64.ActiveCfg = Release|Any CPU
		{041F749F-E970-4E92-AC3E-B756BC07C5B0}.Release|x64.Build.0 = Release|Any CPU
		{041F749F-E970-4E92-AC3E-B756BC07C5B0}.Release|x86.ActiveCfg = Release|Any CPU
		{041F749F-E970-4E92-AC3E-B756BC07C5B0}.Release|x86.Build.0 = Release|Any CPU
	EndGlobalSection
	GlobalSection(SolutionProperties) = preSolution
		HideSolutionNode = FALSE
	EndGlobalSection
	GlobalSection(ExtensibilityGlobals) = postSolution
		SolutionGuid = {B96A884A-6264-44A4-A556-52264B4AB48D}
	EndGlobalSection
EndGlobal
